
Microsoft Visual Studio Solution File, Format Version 12.00
# Visual Studio Version 17
VisualStudioVersion = 17.4.33213.308
MinimumVisualStudioVersion = 10.0.40219.1
Project("{FAE04EC0-301F-11D3-BF4B-00C04F79EFBC}") = "travelH2tour", "travelH2tour\travelH2tour.csproj", "{9D370D9C-5C97-4B2D-9467-D7FC69558A0B}"
EndProject
Global
	GlobalSection(SolutionConfigurationPlatforms) = preSolution
		Debug|Any CPU = Debug|Any CPU
		Release|Any CPU = Release|Any CPU
	EndGlobalSection
	GlobalSection(ProjectConfigurationPlatforms) = postSolution
		{9D370D9C-5C97-4B2D-9467-D7FC69558A0B}.Debug|Any CPU.ActiveCfg = Debug|Any CPU
		{9D370D9C-5C97-4B2D-9467-D7FC69558A0B}.Debug|Any CPU.Build.0 = Debug|Any CPU
		{9D370D9C-5C97-4B2D-9467-D7FC69558A0B}.Release|Any CPU.ActiveCfg = Release|Any CPU
		{9D370D9C-5C97-4B2D-9467-D7FC69558A0B}.Release|Any CPU.Build.0 = Release|Any CPU
	EndGlobalSection
	GlobalSection(SolutionProperties) = preSolution
		HideSolutionNode = FALSE
	EndGlobalSection
	GlobalSection(ExtensibilityGlobals) = postSolution
		SolutionGuid = {0C04FD8A-D1C4-4737-9E3A-16F9DBF5C132}
	EndGlobalSection
EndGlobal
